
Microsoft Visual Studio Solution File, Format Version 12.00
# Visual Studio Version 17
VisualStudioVersion = 17.8.34316.72
MinimumVisualStudioVersion = 10.0.40219.1
Project("{FAE04EC0-301F-11D3-BF4B-00C04F79EFBC}") = "AracKiralamaPortali.API", "AracKiralamaPortali.API.csproj", "{B41701B7-F470-42CF-A189-5C5F233685AB}"
EndProject
Project("{FAE04EC0-301F-11D3-BF4B-00C04F79EFBC}") = "AracKiralamaPortali.UI", "..\AracKiralamaPortali.UI\AracKiralamaPortali.UI.csproj", "{8873C251-8FEA-4FEA-8A10-732CA5DF7D79}"
EndProject
Global
	GlobalSection(SolutionConfigurationPlatforms) = preSolution
		Debug|Any CPU = Debug|Any CPU
		Release|Any CPU = Release|Any CPU
	EndGlobalSection
	GlobalSection(ProjectConfigurationPlatforms) = postSolution
		{B41701B7-F470-42CF-A189-5C5F233685AB}.Debug|Any CPU.ActiveCfg = Debug|Any CPU
		{B41701B7-F470-42CF-A189-5C5F233685AB}.Debug|Any CPU.Build.0 = Debug|Any CPU
		{B41701B7-F470-42CF-A189-5C5F233685AB}.Release|Any CPU.ActiveCfg = Release|Any CPU
		{B41701B7-F470-42CF-A189-5C5F233685AB}.Release|Any CPU.Build.0 = Release|Any CPU
		{8873C251-8FEA-4FEA-8A10-732CA5DF7D79}.Debug|Any CPU.ActiveCfg = Debug|Any CPU
		{8873C251-8FEA-4FEA-8A10-732CA5DF7D79}.Debug|Any CPU.Build.0 = Debug|Any CPU
		{8873C251-8FEA-4FEA-8A10-732CA5DF7D79}.Release|Any CPU.ActiveCfg = Release|Any CPU
		{8873C251-8FEA-4FEA-8A10-732CA5DF7D79}.Release|Any CPU.Build.0 = Release|Any CPU
	EndGlobalSection
	GlobalSection(SolutionProperties) = preSolution
		HideSolutionNode = FALSE
	EndGlobalSection
	GlobalSection(ExtensibilityGlobals) = postSolution
		SolutionGuid = {6F23D550-8571-4321-A6BA-168746FD9742}
	EndGlobalSection
EndGlobal
